{
  "name": "timer",
  "version": "1.0.0",
  "lockfileVersion": 2,
  "requires": true,
  "packages": {
    "": {
      "name": "timer",
      "version": "1.0.0",
      "license": "ISC",
      "dependencies": {
        "imask": "^6.4.3"
      }
    },
    "node_modules/imask": {
      "version": "6.4.3",
      "resolved": "https://registry.npmjs.org/imask/-/imask-6.4.3.tgz",
      "integrity": "sha512-aH2GHemGkr3cbRBfhogHMIx05eUxdHrZNlKTTLmz8VxpSopuHHJ8+85FsDlBVQqxPlDLhZuwj4lpHHWbLOdBSw==",
      "engines": {
        "npm": ">=4.0.0"
      }
    }
  },
  "dependencies": {
    "imask": {
      "version": "6.4.3",
      "resolved": "https://registry.npmjs.org/imask/-/imask-6.4.3.tgz",
      "integrity": "sha512-aH2GHemGkr3cbRBfhogHMIx05eUxdHrZNlKTTLmz8VxpSopuHHJ8+85FsDlBVQqxPlDLhZuwj4lpHHWbLOdBSw=="
    }
  }
}
